
Microsoft Visual Studio Solution File, Format Version 12.00
# Visual Studio Version 16
VisualStudioVersion = 16.0.28729.10
MinimumVisualStudioVersion = 10.0.40219.1
Project("{FAE04EC0-301F-11D3-BF4B-00C04F79EFBC}") = "Abstract Factory", "Abstract Factory\Abstract Factory.csproj", "{36DC07B1-A8E0-4C03-84C6-9E0DD4F316A4}"
EndProject
Project("{2150E333-8FDC-42A3-9474-1A3956D46DE8}") = "Creacionales", "Creacionales", "{981354DA-119B-4CE8-A4AD-1BA0DDB9D1E3}"
EndProject
Project("{FAE04EC0-301F-11D3-BF4B-00C04F79EFBC}") = "Builder", "Builder\Builder.csproj", "{626B5BF4-679B-4778-959E-31E34046F737}"
EndProject
Project("{FAE04EC0-301F-11D3-BF4B-00C04F79EFBC}") = "FactoryMethod", "FactoryMethod\FactoryMethod.csproj", "{03C19A7A-6BA8-4C89-B759-3B86A0F253C6}"
EndProject
Project("{2150E333-8FDC-42A3-9474-1A3956D46DE8}") = "Estructurales", "Estructurales", "{1195789F-0EDB-43BE-8DD7-7A2354F55EB4}"
EndProject
Project("{FAE04EC0-301F-11D3-BF4B-00C04F79EFBC}") = "Adapter", "..\Esctructurales\Adapter\Adapter.csproj", "{848516C7-6AE3-4E68-8110-D32BBCB0745B}"
EndProject
Project("{FAE04EC0-301F-11D3-BF4B-00C04F79EFBC}") = "Bridge", "..\Esctructurales\Bridge\Bridge.csproj", "{CDB2189B-1795-4F82-B5B5-B183393F1981}"
EndProject
Project("{FAE04EC0-301F-11D3-BF4B-00C04F79EFBC}") = "Composite", "..\Esctructurales\Composite\Composite.csproj", "{1A7E1A34-7E84-4AFD-A260-324BDF581F2D}"
EndProject
Project("{2150E333-8FDC-42A3-9474-1A3956D46DE8}") = "Comportamiento", "Comportamiento", "{962F0E95-C86A-41AC-BACD-D825EF4EA95E}"
EndProject
Project("{FAE04EC0-301F-11D3-BF4B-00C04F79EFBC}") = "ChainOfResponsibility", "..\Comportamiento\ChainOfResponsibility\ChainOfResponsibility.csproj", "{C4FD5F9A-6135-4163-A7EA-83E1B39F0ECD}"
EndProject
Project("{FAE04EC0-301F-11D3-BF4B-00C04F79EFBC}") = "Command", "..\Comportamiento\Command\Command.csproj", "{4CD6BFAE-FB63-486F-92B7-1B975B4282D0}"
EndProject
Project("{FAE04EC0-301F-11D3-BF4B-00C04F79EFBC}") = "Interpreter", "..\Comportamiento\Interpreter\Interpreter.csproj", "{66FB7C0D-EFB2-4402-908C-3F7E506C0CCF}"
EndProject
Global
	GlobalSection(SolutionConfigurationPlatforms) = preSolution
		Debug|Any CPU = Debug|Any CPU
		Release|Any CPU = Release|Any CPU
	EndGlobalSection
	GlobalSection(ProjectConfigurationPlatforms) = postSolution
		{36DC07B1-A8E0-4C03-84C6-9E0DD4F316A4}.Debug|Any CPU.ActiveCfg = Debug|Any CPU
		{36DC07B1-A8E0-4C03-84C6-9E0DD4F316A4}.Debug|Any CPU.Build.0 = Debug|Any CPU
		{36DC07B1-A8E0-4C03-84C6-9E0DD4F316A4}.Release|Any CPU.ActiveCfg = Release|Any CPU
		{36DC07B1-A8E0-4C03-84C6-9E0DD4F316A4}.Release|Any CPU.Build.0 = Release|Any CPU
		{626B5BF4-679B-4778-959E-31E34046F737}.Debug|Any CPU.ActiveCfg = Debug|Any CPU
		{626B5BF4-679B-4778-959E-31E34046F737}.Debug|Any CPU.Build.0 = Debug|Any CPU
		{626B5BF4-679B-4778-959E-31E34046F737}.Release|Any CPU.ActiveCfg = Release|Any CPU
		{626B5BF4-679B-4778-959E-31E34046F737}.Release|Any CPU.Build.0 = Release|Any CPU
		{03C19A7A-6BA8-4C89-B759-3B86A0F253C6}.Debug|Any CPU.ActiveCfg = Debug|Any CPU
		{03C19A7A-6BA8-4C89-B759-3B86A0F253C6}.Debug|Any CPU.Build.0 = Debug|Any CPU
		{03C19A7A-6BA8-4C89-B759-3B86A0F253C6}.Release|Any CPU.ActiveCfg = Release|Any CPU
		{03C19A7A-6BA8-4C89-B759-3B86A0F253C6}.Release|Any CPU.Build.0 = Release|Any CPU
		{848516C7-6AE3-4E68-8110-D32BBCB0745B}.Debug|Any CPU.ActiveCfg = Debug|Any CPU
		{848516C7-6AE3-4E68-8110-D32BBCB0745B}.Debug|Any CPU.Build.0 = Debug|Any CPU
		{848516C7-6AE3-4E68-8110-D32BBCB0745B}.Release|Any CPU.ActiveCfg = Release|Any CPU
		{848516C7-6AE3-4E68-8110-D32BBCB0745B}.Release|Any CPU.Build.0 = Release|Any CPU
		{CDB2189B-1795-4F82-B5B5-B183393F1981}.Debug|Any CPU.ActiveCfg = Debug|Any CPU
		{CDB2189B-1795-4F82-B5B5-B183393F1981}.Debug|Any CPU.Build.0 = Debug|Any CPU
		{CDB2189B-1795-4F82-B5B5-B183393F1981}.Release|Any CPU.ActiveCfg = Release|Any CPU
		{CDB2189B-1795-4F82-B5B5-B183393F1981}.Release|Any CPU.Build.0 = Release|Any CPU
		{1A7E1A34-7E84-4AFD-A260-324BDF581F2D}.Debug|Any CPU.ActiveCfg = Debug|Any CPU
		{1A7E1A34-7E84-4AFD-A260-324BDF581F2D}.Debug|Any CPU.Build.0 = Debug|Any CPU
		{1A7E1A34-7E84-4AFD-A260-324BDF581F2D}.Release|Any CPU.ActiveCfg = Release|Any CPU
		{1A7E1A34-7E84-4AFD-A260-324BDF581F2D}.Release|Any CPU.Build.0 = Release|Any CPU
		{C4FD5F9A-6135-4163-A7EA-83E1B39F0ECD}.Debug|Any CPU.ActiveCfg = Debug|Any CPU
		{C4FD5F9A-6135-4163-A7EA-83E1B39F0ECD}.Debug|Any CPU.Build.0 = Debug|Any CPU
		{C4FD5F9A-6135-4163-A7EA-83E1B39F0ECD}.Release|Any CPU.ActiveCfg = Release|Any CPU
		{C4FD5F9A-6135-4163-A7EA-83E1B39F0ECD}.Release|Any CPU.Build.0 = Release|Any CPU
		{4CD6BFAE-FB63-486F-92B7-1B975B4282D0}.Debug|Any CPU.ActiveCfg = Debug|Any CPU
		{4CD6BFAE-FB63-486F-92B7-1B975B4282D0}.Debug|Any CPU.Build.0 = Debug|Any CPU
		{4CD6BFAE-FB63-486F-92B7-1B975B4282D0}.Release|Any CPU.ActiveCfg = Release|Any CPU
		{4CD6BFAE-FB63-486F-92B7-1B975B4282D0}.Release|Any CPU.Build.0 = Release|Any CPU
		{66FB7C0D-EFB2-4402-908C-3F7E506C0CCF}.Debug|Any CPU.ActiveCfg = Debug|Any CPU
		{66FB7C0D-EFB2-4402-908C-3F7E506C0CCF}.Debug|Any CPU.Build.0 = Debug|Any CPU
		{66FB7C0D-EFB2-4402-908C-3F7E506C0CCF}.Release|Any CPU.ActiveCfg = Release|Any CPU
		{66FB7C0D-EFB2-4402-908C-3F7E506C0CCF}.Release|Any CPU.Build.0 = Release|Any CPU
	EndGlobalSection
	GlobalSection(SolutionProperties) = preSolution
		HideSolutionNode = FALSE
	EndGlobalSection
	GlobalSection(NestedProjects) = preSolution
		{36DC07B1-A8E0-4C03-84C6-9E0DD4F316A4} = {981354DA-119B-4CE8-A4AD-1BA0DDB9D1E3}
		{626B5BF4-679B-4778-959E-31E34046F737} = {981354DA-119B-4CE8-A4AD-1BA0DDB9D1E3}
		{03C19A7A-6BA8-4C89-B759-3B86A0F253C6} = {981354DA-119B-4CE8-A4AD-1BA0DDB9D1E3}
		{848516C7-6AE3-4E68-8110-D32BBCB0745B} = {1195789F-0EDB-43BE-8DD7-7A2354F55EB4}
		{CDB2189B-1795-4F82-B5B5-B183393F1981} = {1195789F-0EDB-43BE-8DD7-7A2354F55EB4}
		{1A7E1A34-7E84-4AFD-A260-324BDF581F2D} = {1195789F-0EDB-43BE-8DD7-7A2354F55EB4}
		{C4FD5F9A-6135-4163-A7EA-83E1B39F0ECD} = {962F0E95-C86A-41AC-BACD-D825EF4EA95E}
		{4CD6BFAE-FB63-486F-92B7-1B975B4282D0} = {962F0E95-C86A-41AC-BACD-D825EF4EA95E}
		{66FB7C0D-EFB2-4402-908C-3F7E506C0CCF} = {962F0E95-C86A-41AC-BACD-D825EF4EA95E}
	EndGlobalSection
	GlobalSection(ExtensibilityGlobals) = postSolution
		SolutionGuid = {B054FAD2-6D0D-4754-9435-5DA15654AF3C}
	EndGlobalSection
EndGlobal
